{
  "version": 4,
  "terraform_version": "1.5.1",
  "serial": 16,
  "lineage": "40445d54-a0e2-e4be-2e9f-5856b80086f2",
  "outputs": {},
  "resources": [
    {
      "mode": "managed",
      "type": "google_compute_address",
      "name": "ip_address",
      "provider": "provider[\"registry.terraform.io/hashicorp/google\"]",
      "instances": [
        {
          "schema_version": 0,
          "attributes": {
            "address": "34.175.8.92",
            "address_type": "EXTERNAL",
            "creation_timestamp": "2023-07-01T03:58:23.271-07:00",
            "description": "",
            "id": "projects/p4-ansible/regions/europe-southwest1/addresses/my-address",
            "name": "my-address",
            "network": "",
            "network_tier": "PREMIUM",
            "prefix_length": 0,
            "project": "p4-ansible",
            "purpose": "",
            "region": "europe-southwest1",
            "self_link": "https://www.googleapis.com/compute/v1/projects/p4-ansible/regions/europe-southwest1/addresses/my-address",
            "subnetwork": "",
            "timeouts": null,
            "users": []
          },
          "sensitive_attributes": [],
          "private": "eyJlMmJmYjczMC1lY2FhLTExZTYtOGY4OC0zNDM2M2JjN2M0YzAiOnsiY3JlYXRlIjoxMjAwMDAwMDAwMDAwLCJkZWxldGUiOjEyMDAwMDAwMDAwMDB9fQ=="
        }
      ]
    },
    {
      "mode": "managed",
      "type": "google_compute_instance",
      "name": "default",
      "provider": "provider[\"registry.terraform.io/hashicorp/google\"]",
      "instances": [
        {
          "schema_version": 6,
          "attributes": {
            "advanced_machine_features": [],
            "allow_stopping_for_update": null,
            "attached_disk": [],
            "boot_disk": [
              {
                "auto_delete": true,
                "device_name": "persistent-disk-0",
                "disk_encryption_key_raw": "",
                "disk_encryption_key_sha256": "",
                "initialize_params": [
                  {
                    "image": "https://www.googleapis.com/compute/v1/projects/ubuntu-os-cloud/global/images/ubuntu-1804-bionic-v20200129a",
                    "labels": {},
                    "resource_manager_tags": null,
                    "size": 10,
                    "type": "pd-standard"
                  }
                ],
                "kms_key_self_link": "",
                "mode": "READ_WRITE",
                "source": "https://www.googleapis.com/compute/v1/projects/p4-ansible/zones/europe-southwest1-a/disks/instancia-terraform"
              }
            ],
            "can_ip_forward": false,
            "confidential_instance_config": [],
            "cpu_platform": "Intel Broadwell",
            "current_status": "RUNNING",
            "deletion_protection": false,
            "description": "",
            "desired_status": null,
            "enable_display": false,
            "guest_accelerator": [],
            "hostname": "",
            "id": "projects/p4-ansible/zones/europe-southwest1-a/instances/instancia-terraform",
            "instance_id": "6900401830762494460",
            "label_fingerprint": "42WmSpB8rSM=",
            "labels": null,
            "machine_type": "e2-micro",
            "metadata": {
              "sshKeys": "ssh-rsa AAAAB3NzaC1yc2EAAAADAQABAAABgQDbhlN7lMMzqU+45M+N9reRigiBajjPQgZpeq7C+wVRBwRQIck0HyBfW1rxg/nGDcPtnBUN/sWgt9yE0xHG0sQESfEcbFSL+xgPgIeNJFZWN+GG465kdMcpejgL89AvcD46j1Eo2OcYa34gb95X2znERNtfI12gq44jUZdl/lxXZEvOKo/hTRQMTeGMQZSNhmCQEZasSJBBTp2DCgs71vtBTiYXFdHSuk+qnVvqFLVzekge9daAdDVXvSk8qg1SfZZ731lUsIA3bOE3GE5lsgWNp1g1GNBPe/hYKKOoktcc/DVOkLdRSwRThQltaGH4zyI+JCX6lvFLwAjbJjf6a4TWsOc8TGBBr8SCJjmG4MpHvfDm1nVKCkpfugo716/doYb8QzwNxr1EtJrx09zJHcEOXBjRGk/yBR6WSFmH4o6Mfap/mWPSMJZUb4dj1sNQ58yVYTF9IkUlejQGTjQGuIFPqqRnwBMz9CjJj+HaUFovw+M2AcK59sRlnE844Tgez+k= pablocordonhidalgo@cs-776407686153-default\n\n"
            },
            "metadata_fingerprint": "vaXq0My_IQ8=",
            "metadata_startup_script": null,
            "min_cpu_platform": "",
            "name": "instancia-terraform",
            "network_interface": [
              {
                "access_config": [],
                "alias_ip_range": [],
                "ipv6_access_config": [],
                "ipv6_access_type": "",
                "name": "nic0",
                "network": "https://www.googleapis.com/compute/v1/projects/p4-ansible/global/networks/default",
                "network_ip": "10.204.0.4",
                "nic_type": "",
                "queue_count": 0,
                "stack_type": "IPV4_ONLY",
                "subnetwork": "https://www.googleapis.com/compute/v1/projects/p4-ansible/regions/europe-southwest1/subnetworks/default",
                "subnetwork_project": "p4-ansible"
              }
            ],
            "network_performance_config": [],
            "params": [],
            "project": "p4-ansible",
            "reservation_affinity": [],
            "resource_policies": null,
            "scheduling": [
              {
                "automatic_restart": true,
                "instance_termination_action": "",
                "min_node_cpus": 0,
                "node_affinities": [],
                "on_host_maintenance": "MIGRATE",
                "preemptible": false,
                "provisioning_model": "STANDARD"
              }
            ],
            "scratch_disk": [],
            "self_link": "https://www.googleapis.com/compute/v1/projects/p4-ansible/zones/europe-southwest1-a/instances/instancia-terraform",
            "service_account": [],
            "shielded_instance_config": [],
            "tags": null,
            "tags_fingerprint": "42WmSpB8rSM=",
            "timeouts": null,
            "zone": "europe-southwest1-a"
          },
          "sensitive_attributes": [],
          "private": "eyJlMmJmYjczMC1lY2FhLTExZTYtOGY4OC0zNDM2M2JjN2M0YzAiOnsiY3JlYXRlIjoxMjAwMDAwMDAwMDAwLCJkZWxldGUiOjEyMDAwMDAwMDAwMDAsInVwZGF0ZSI6MTIwMDAwMDAwMDAwMH0sInNjaGVtYV92ZXJzaW9uIjoiNiJ9"
        }
      ]
    }
  ],
  "check_results": null
}
