{
  "version": 4,
  "terraform_version": "1.5.1",
  "serial": 14,
  "lineage": "40445d54-a0e2-e4be-2e9f-5856b80086f2",
  "outputs": {},
  "resources": [
    {
      "mode": "managed",
      "type": "google_compute_address",
      "name": "ip_address",
      "provider": "provider[\"registry.terraform.io/hashicorp/google\"]",
      "instances": [
        {
          "schema_version": 0,
          "attributes": {
            "address": "34.175.8.92",
            "address_type": "EXTERNAL",
            "creation_timestamp": "2023-07-01T03:58:23.271-07:00",
            "description": "",
            "id": "projects/p4-ansible/regions/europe-southwest1/addresses/my-address",
            "name": "my-address",
            "network": "",
            "network_tier": "PREMIUM",
            "prefix_length": 0,
            "project": "p4-ansible",
            "purpose": "",
            "region": "europe-southwest1",
            "self_link": "https://www.googleapis.com/compute/v1/projects/p4-ansible/regions/europe-southwest1/addresses/my-address",
            "subnetwork": "",
            "timeouts": null,
            "users": []
          },
          "sensitive_attributes": [],
          "private": "eyJlMmJmYjczMC1lY2FhLTExZTYtOGY4OC0zNDM2M2JjN2M0YzAiOnsiY3JlYXRlIjoxMjAwMDAwMDAwMDAwLCJkZWxldGUiOjEyMDAwMDAwMDAwMDB9fQ=="
        }
      ]
    }
  ],
  "check_results": null
}
